
Microsoft Visual Studio Solution File, Format Version 12.00
# Visual Studio Version 16
VisualStudioVersion = 16.0.30011.22
MinimumVisualStudioVersion = 10.0.40219.1
Project("{9A19103F-16F7-4668-BE54-9A1E7A4F7556}") = "Bogevang", "Bogevang\Bogevang.csproj", "{6E4DA2AE-981C-4F0F-885A-68B4F1EA27B9}"
EndProject
Project("{9A19103F-16F7-4668-BE54-9A1E7A4F7556}") = "Bogevang.Common", "Bogevang.Common\Bogevang.Common.csproj", "{B46F4795-03C5-4150-B8A2-ED6C15AE89A6}"
EndProject
Project("{9A19103F-16F7-4668-BE54-9A1E7A4F7556}") = "Bogevang.Booking.Domain", "Bogevang.Booking.Domain\Bogevang.Booking.Domain.csproj", "{9245F1C6-7348-4F29-B67E-87F31393D394}"
EndProject
Project("{9A19103F-16F7-4668-BE54-9A1E7A4F7556}") = "Bogevang.Booking.Website", "Bogevang.Booking.Website\Bogevang.Booking.Website.csproj", "{850679AF-64CB-46B8-B152-CBCE05C0A0AF}"
EndProject
Project("{2150E333-8FDC-42A3-9474-1A3956D46DE8}") = "Other", "Other", "{0B16B268-1FA7-40E1-81E6-4DF3FCD6CFBA}"
	ProjectSection(SolutionItems) = preProject
		.gitignore = .gitignore
	EndProjectSection
EndProject
Project("{9A19103F-16F7-4668-BE54-9A1E7A4F7556}") = "Bogevang.Templates.Domain", "Bogevang.Templates.Domain\Bogevang.Templates.Domain.csproj", "{0FFDC3CB-5044-4E63-B7B5-0B584A7E13D6}"
EndProject
Project("{9A19103F-16F7-4668-BE54-9A1E7A4F7556}") = "Bogevang.SequenceGenerator.Domain", "Bogevang.SequenceGenerator.Domain\Bogevang.SequenceGenerator.Domain.csproj", "{1EC86503-08D7-4AE4-B0F3-66C12551DEEB}"
EndProject
Project("{FAE04EC0-301F-11D3-BF4B-00C04F79EFBC}") = "Bogevang.Blogging.Domain", "Bogevang.Blogging.Domain\Bogevang.Blogging.Domain.csproj", "{428C4D54-B81F-49C2-824F-D544DD98B489}"
EndProject
Project("{FAE04EC0-301F-11D3-BF4B-00C04F79EFBC}") = "Bogevang.Blogging.Website", "Bogevang.Blogging.Website\Bogevang.Blogging.Website.csproj", "{C8B13678-A2D2-4A10-B2C8-FDDE05A96CA4}"
EndProject
Global
	GlobalSection(SolutionConfigurationPlatforms) = preSolution
		Debug|Any CPU = Debug|Any CPU
		Release|Any CPU = Release|Any CPU
	EndGlobalSection
	GlobalSection(ProjectConfigurationPlatforms) = postSolution
		{6E4DA2AE-981C-4F0F-885A-68B4F1EA27B9}.Debug|Any CPU.ActiveCfg = Debug|Any CPU
		{6E4DA2AE-981C-4F0F-885A-68B4F1EA27B9}.Debug|Any CPU.Build.0 = Debug|Any CPU
		{6E4DA2AE-981C-4F0F-885A-68B4F1EA27B9}.Release|Any CPU.ActiveCfg = Release|Any CPU
		{6E4DA2AE-981C-4F0F-885A-68B4F1EA27B9}.Release|Any CPU.Build.0 = Release|Any CPU
		{B46F4795-03C5-4150-B8A2-ED6C15AE89A6}.Debug|Any CPU.ActiveCfg = Debug|Any CPU
		{B46F4795-03C5-4150-B8A2-ED6C15AE89A6}.Debug|Any CPU.Build.0 = Debug|Any CPU
		{B46F4795-03C5-4150-B8A2-ED6C15AE89A6}.Release|Any CPU.ActiveCfg = Release|Any CPU
		{B46F4795-03C5-4150-B8A2-ED6C15AE89A6}.Release|Any CPU.Build.0 = Release|Any CPU
		{9245F1C6-7348-4F29-B67E-87F31393D394}.Debug|Any CPU.ActiveCfg = Debug|Any CPU
		{9245F1C6-7348-4F29-B67E-87F31393D394}.Debug|Any CPU.Build.0 = Debug|Any CPU
		{9245F1C6-7348-4F29-B67E-87F31393D394}.Release|Any CPU.ActiveCfg = Release|Any CPU
		{9245F1C6-7348-4F29-B67E-87F31393D394}.Release|Any CPU.Build.0 = Release|Any CPU
		{850679AF-64CB-46B8-B152-CBCE05C0A0AF}.Debug|Any CPU.ActiveCfg = Debug|Any CPU
		{850679AF-64CB-46B8-B152-CBCE05C0A0AF}.Debug|Any CPU.Build.0 = Debug|Any CPU
		{850679AF-64CB-46B8-B152-CBCE05C0A0AF}.Release|Any CPU.ActiveCfg = Release|Any CPU
		{850679AF-64CB-46B8-B152-CBCE05C0A0AF}.Release|Any CPU.Build.0 = Release|Any CPU
		{0FFDC3CB-5044-4E63-B7B5-0B584A7E13D6}.Debug|Any CPU.ActiveCfg = Debug|Any CPU
		{0FFDC3CB-5044-4E63-B7B5-0B584A7E13D6}.Debug|Any CPU.Build.0 = Debug|Any CPU
		{0FFDC3CB-5044-4E63-B7B5-0B584A7E13D6}.Release|Any CPU.ActiveCfg = Release|Any CPU
		{0FFDC3CB-5044-4E63-B7B5-0B584A7E13D6}.Release|Any CPU.Build.0 = Release|Any CPU
		{1EC86503-08D7-4AE4-B0F3-66C12551DEEB}.Debug|Any CPU.ActiveCfg = Debug|Any CPU
		{1EC86503-08D7-4AE4-B0F3-66C12551DEEB}.Debug|Any CPU.Build.0 = Debug|Any CPU
		{1EC86503-08D7-4AE4-B0F3-66C12551DEEB}.Release|Any CPU.ActiveCfg = Release|Any CPU
		{1EC86503-08D7-4AE4-B0F3-66C12551DEEB}.Release|Any CPU.Build.0 = Release|Any CPU
		{428C4D54-B81F-49C2-824F-D544DD98B489}.Debug|Any CPU.ActiveCfg = Debug|Any CPU
		{428C4D54-B81F-49C2-824F-D544DD98B489}.Debug|Any CPU.Build.0 = Debug|Any CPU
		{428C4D54-B81F-49C2-824F-D544DD98B489}.Release|Any CPU.ActiveCfg = Release|Any CPU
		{428C4D54-B81F-49C2-824F-D544DD98B489}.Release|Any CPU.Build.0 = Release|Any CPU
		{C8B13678-A2D2-4A10-B2C8-FDDE05A96CA4}.Debug|Any CPU.ActiveCfg = Debug|Any CPU
		{C8B13678-A2D2-4A10-B2C8-FDDE05A96CA4}.Debug|Any CPU.Build.0 = Debug|Any CPU
		{C8B13678-A2D2-4A10-B2C8-FDDE05A96CA4}.Release|Any CPU.ActiveCfg = Release|Any CPU
		{C8B13678-A2D2-4A10-B2C8-FDDE05A96CA4}.Release|Any CPU.Build.0 = Release|Any CPU
	EndGlobalSection
	GlobalSection(SolutionProperties) = preSolution
		HideSolutionNode = FALSE
	EndGlobalSection
	GlobalSection(ExtensibilityGlobals) = postSolution
		SolutionGuid = {9E1B6AF4-F227-4DD3-89DB-68BE90A87058}
	EndGlobalSection
EndGlobal
